// !$*UTF8*$!
{
	archiveVersion = 1;
	classes = {
	};
	objectVersion = 55;
	objects = {

/* Begin PBXBuildFile section */
		EF2842C0287B3F0F009D3944 /* QuotesAppApp.swift in Sources */ = {isa = PBXBuildFile; fileRef = EF2842BF287B3F0F009D3944 /* QuotesAppApp.swift */; };
		EF2842C2287B3F0F009D3944 /* ContentView.swift in Sources */ = {isa = PBXBuildFile; fileRef = EF2842C1287B3F0F009D3944 /* ContentView.swift */; };
		EF2842C4287B3F16009D3944 /* Assets.xcassets in Resources */ = {isa = PBXBuildFile; fileRef = EF2842C3287B3F16009D3944 /* Assets.xcassets */; };
		EF2842C7287B3F16009D3944 /* Preview Assets.xcassets in Resources */ = {isa = PBXBuildFile; fileRef = EF2842C6287B3F16009D3944 /* Preview Assets.xcassets */; };
		EF2842D1287B3F16009D3944 /* QuotesAppTests.swift in Sources */ = {isa = PBXBuildFile; fileRef = EF2842D0287B3F16009D3944 /* QuotesAppTests.swift */; };
		EF2842DB287B3F16009D3944 /* QuotesAppUITests.swift in Sources */ = {isa = PBXBuildFile; fileRef = EF2842DA287B3F16009D3944 /* QuotesAppUITests.swift */; };
		EF2842DD287B3F16009D3944 /* QuotesAppUITestsLaunchTests.swift in Sources */ = {isa = PBXBuildFile; fileRef = EF2842DC287B3F16009D3944 /* QuotesAppUITestsLaunchTests.swift */; };
		EF2842EB287B4290009D3944 /* QuoteModel.swift in Sources */ = {isa = PBXBuildFile; fileRef = EF2842EA287B4290009D3944 /* QuoteModel.swift */; };
		EF2842ED287B44D0009D3944 /* Extensions.swift in Sources */ = {isa = PBXBuildFile; fileRef = EF2842EC287B44D0009D3944 /* Extensions.swift */; };
/* End PBXBuildFile section */

/* Begin PBXContainerItemProxy section */
		EF2842CD287B3F16009D3944 /* PBXContainerItemProxy */ = {
			isa = PBXContainerItemProxy;
			containerPortal = EF2842B4287B3F0F009D3944 /* Project object */;
			proxyType = 1;
			remoteGlobalIDString = EF2842BB287B3F0F009D3944;
			remoteInfo = QuotesApp;
		};
		EF2842D7287B3F16009D3944 /* PBXContainerItemProxy */ = {
			isa = PBXContainerItemProxy;
			containerPortal = EF2842B4287B3F0F009D3944 /* Project object */;
			proxyType = 1;
			remoteGlobalIDString = EF2842BB287B3F0F009D3944;
			remoteInfo = QuotesApp;
		};
/* End PBXContainerItemProxy section */

/* Begin PBXFileReference section */
		EF2842BC287B3F0F009D3944 /* QuotesApp.app */ = {isa = PBXFileReference; explicitFileType = wrapper.application; includeInIndex = 0; path = QuotesApp.app; sourceTree = BUILT_PRODUCTS_DIR; };
		EF2842BF287B3F0F009D3944 /* QuotesAppApp.swift */ = {isa = PBXFileReference; lastKnownFileType = sourcecode.swift; path = QuotesAppApp.swift; sourceTree = "<group>"; };
		EF2842C1287B3F0F009D3944 /* ContentView.swift */ = {isa = PBXFileReference; lastKnownFileType = sourcecode.swift; path = ContentView.swift; sourceTree = "<group>"; };
		EF2842C3287B3F16009D3944 /* Assets.xcassets */ = {isa = PBXFileReference; lastKnownFileType = folder.assetcatalog; path = Assets.xcassets; sourceTree = "<group>"; };
		EF2842C6287B3F16009D3944 /* Preview Assets.xcassets */ = {isa = PBXFileReference; lastKnownFileType = folder.assetcatalog; path = "Preview Assets.xcassets"; sourceTree = "<group>"; };
		EF2842CC287B3F16009D3944 /* QuotesAppTests.xctest */ = {isa = PBXFileReference; explicitFileType = wrapper.cfbundle; includeInIndex = 0; path = QuotesAppTests.xctest; sourceTree = BUILT_PRODUCTS_DIR; };
		EF2842D0287B3F16009D3944 /* QuotesAppTests.swift */ = {isa = PBXFileReference; lastKnownFileType = sourcecode.swift; path = QuotesAppTests.swift; sourceTree = "<group>"; };
		EF2842D6287B3F16009D3944 /* QuotesAppUITests.xctest */ = {isa = PBXFileReference; explicitFileType = wrapper.cfbundle; includeInIndex = 0; path = QuotesAppUITests.xctest; sourceTree = BUILT_PRODUCTS_DIR; };
		EF2842DA287B3F16009D3944 /* QuotesAppUITests.swift */ = {isa = PBXFileReference; lastKnownFileType = sourcecode.swift; path = QuotesAppUITests.swift; sourceTree = "<group>"; };
		EF2842DC287B3F16009D3944 /* QuotesAppUITestsLaunchTests.swift */ = {isa = PBXFileReference; lastKnownFileType = sourcecode.swift; path = QuotesAppUITestsLaunchTests.swift; sourceTree = "<group>"; };
		EF2842E9287B40CF009D3944 /* quotes.json */ = {isa = PBXFileReference; lastKnownFileType = text.json; path = quotes.json; sourceTree = "<group>"; };
		EF2842EA287B4290009D3944 /* QuoteModel.swift */ = {isa = PBXFileReference; lastKnownFileType = sourcecode.swift; path = QuoteModel.swift; sourceTree = "<group>"; };
		EF2842EC287B44D0009D3944 /* Extensions.swift */ = {isa = PBXFileReference; lastKnownFileType = sourcecode.swift; path = Extensions.swift; sourceTree = "<group>"; };
/* End PBXFileReference section */

/* Begin PBXFrameworksBuildPhase section */
		EF2842B9287B3F0F009D3944 /* Frameworks */ = {
			isa = PBXFrameworksBuildPhase;
			buildActionMask = 2147483647;
			files = (
			);
			runOnlyForDeploymentPostprocessing = 0;
		};
		EF2842C9287B3F16009D3944 /* Frameworks */ = {
			isa = PBXFrameworksBuildPhase;
			buildActionMask = 2147483647;
			files = (
			);
			runOnlyForDeploymentPostprocessing = 0;
		};
		EF2842D3287B3F16009D3944 /* Frameworks */ = {
			isa = PBXFrameworksBuildPhase;
			buildActionMask = 2147483647;
			files = (
			);
			runOnlyForDeploymentPostprocessing = 0;
		};
/* End PBXFrameworksBuildPhase section */

/* Begin PBXGroup section */
		EF2842B3287B3F0F009D3944 = {
			isa = PBXGroup;
			children = (
				EF2842BE287B3F0F009D3944 /* QuotesApp */,
				EF2842CF287B3F16009D3944 /* QuotesAppTests */,
				EF2842D9287B3F16009D3944 /* QuotesAppUITests */,
				EF2842BD287B3F0F009D3944 /* Products */,
			);
			sourceTree = "<group>";
		};
		EF2842BD287B3F0F009D3944 /* Products */ = {
			isa = PBXGroup;
			children = (
				EF2842BC287B3F0F009D3944 /* QuotesApp.app */,
				EF2842CC287B3F16009D3944 /* QuotesAppTests.xctest */,
				EF2842D6287B3F16009D3944 /* QuotesAppUITests.xctest */,
			);
			name = Products;
			sourceTree = "<group>";
		};
		EF2842BE287B3F0F009D3944 /* QuotesApp */ = {
			isa = PBXGroup;
			children = (
				EF2842EC287B44D0009D3944 /* Extensions.swift */,
				EF2842EA287B4290009D3944 /* QuoteModel.swift */,
				EF2842BF287B3F0F009D3944 /* QuotesAppApp.swift */,
				EF2842C1287B3F0F009D3944 /* ContentView.swift */,
				EF2842C3287B3F16009D3944 /* Assets.xcassets */,
				EF2842C5287B3F16009D3944 /* Preview Content */,
			);
			path = QuotesApp;
			sourceTree = "<group>";
		};
		EF2842C5287B3F16009D3944 /* Preview Content */ = {
			isa = PBXGroup;
			children = (
				EF2842E9287B40CF009D3944 /* quotes.json */,
				EF2842C6287B3F16009D3944 /* Preview Assets.xcassets */,
			);
			path = "Preview Content";
			sourceTree = "<group>";
		};
		EF2842CF287B3F16009D3944 /* QuotesAppTests */ = {
			isa = PBXGroup;
			children = (
				EF2842D0287B3F16009D3944 /* QuotesAppTests.swift */,
			);
			path = QuotesAppTests;
			sourceTree = "<group>";
		};
		EF2842D9287B3F16009D3944 /* QuotesAppUITests */ = {
			isa = PBXGroup;
			children = (
				EF2842DA287B3F16009D3944 /* QuotesAppUITests.swift */,
				EF2842DC287B3F16009D3944 /* QuotesAppUITestsLaunchTests.swift */,
			);
			path = QuotesAppUITests;
			sourceTree = "<group>";
		};
/* End PBXGroup section */

/* Begin PBXNativeTarget section */
		EF2842BB287B3F0F009D3944 /* QuotesApp */ = {
			isa = PBXNativeTarget;
			buildConfigurationList = EF2842E0287B3F16009D3944 /* Build configuration list for PBXNativeTarget "QuotesApp" */;
			buildPhases = (
				EF2842B8287B3F0F009D3944 /* Sources */,
				EF2842B9287B3F0F009D3944 /* Frameworks */,
				EF2842BA287B3F0F009D3944 /* Resources */,
			);
			buildRules = (
			);
			dependencies = (
			);
			name = QuotesApp;
			productName = QuotesApp;
			productReference = EF2842BC287B3F0F009D3944 /* QuotesApp.app */;
			productType = "com.apple.product-type.application";
		};
		EF2842CB287B3F16009D3944 /* QuotesAppTests */ = {
			isa = PBXNativeTarget;
			buildConfigurationList = EF2842E3287B3F16009D3944 /* Build configuration list for PBXNativeTarget "QuotesAppTests" */;
			buildPhases = (
				EF2842C8287B3F16009D3944 /* Sources */,
				EF2842C9287B3F16009D3944 /* Frameworks */,
				EF2842CA287B3F16009D3944 /* Resources */,
			);
			buildRules = (
			);
			dependencies = (
				EF2842CE287B3F16009D3944 /* PBXTargetDependency */,
			);
			name = QuotesAppTests;
			productName = QuotesAppTests;
			productReference = EF2842CC287B3F16009D3944 /* QuotesAppTests.xctest */;
			productType = "com.apple.product-type.bundle.unit-test";
		};
		EF2842D5287B3F16009D3944 /* QuotesAppUITests */ = {
			isa = PBXNativeTarget;
			buildConfigurationList = EF2842E6287B3F16009D3944 /* Build configuration list for PBXNativeTarget "QuotesAppUITests" */;
			buildPhases = (
				EF2842D2287B3F16009D3944 /* Sources */,
				EF2842D3287B3F16009D3944 /* Frameworks */,
				EF2842D4287B3F16009D3944 /* Resources */,
			);
			buildRules = (
			);
			dependencies = (
				EF2842D8287B3F16009D3944 /* PBXTargetDependency */,
			);
			name = QuotesAppUITests;
			productName = QuotesAppUITests;
			productReference = EF2842D6287B3F16009D3944 /* QuotesAppUITests.xctest */;
			productType = "com.apple.product-type.bundle.ui-testing";
		};
/* End PBXNativeTarget section */

/* Begin PBXProject section */
		EF2842B4287B3F0F009D3944 /* Project object */ = {
			isa = PBXProject;
			attributes = {
				BuildIndependentTargetsInParallel = 1;
				LastSwiftUpdateCheck = 1340;
				LastUpgradeCheck = 1340;
				TargetAttributes = {
					EF2842BB287B3F0F009D3944 = {
						CreatedOnToolsVersion = 13.4.1;
					};
					EF2842CB287B3F16009D3944 = {
						CreatedOnToolsVersion = 13.4.1;
						TestTargetID = EF2842BB287B3F0F009D3944;
					};
					EF2842D5287B3F16009D3944 = {
						CreatedOnToolsVersion = 13.4.1;
						TestTargetID = EF2842BB287B3F0F009D3944;
					};
				};
			};
			buildConfigurationList = EF2842B7287B3F0F009D3944 /* Build configuration list for PBXProject "QuotesApp" */;
			compatibilityVersion = "Xcode 13.0";
			developmentRegion = en;
			hasScannedForEncodings = 0;
			knownRegions = (
				en,
				Base,
			);
			mainGroup = EF2842B3287B3F0F009D3944;
			productRefGroup = EF2842BD287B3F0F009D3944 /* Products */;
			projectDirPath = "";
			projectRoot = "";
			targets = (
				EF2842BB287B3F0F009D3944 /* QuotesApp */,
				EF2842CB287B3F16009D3944 /* QuotesAppTests */,
				EF2842D5287B3F16009D3944 /* QuotesAppUITests */,
			);
		};
/* End PBXProject section */

/* Begin PBXResourcesBuildPhase section */
		EF2842BA287B3F0F009D3944 /* Resources */ = {
			isa = PBXResourcesBuildPhase;
			buildActionMask = 2147483647;
			files = (
				EF2842C7287B3F16009D3944 /* Preview Assets.xcassets in Resources */,
				EF2842C4287B3F16009D3944 /* Assets.xcassets in Resources */,
			);
			runOnlyForDeploymentPostprocessing = 0;
		};
		EF2842CA287B3F16009D3944 /* Resources */ = {
			isa = PBXResourcesBuildPhase;
			buildActionMask = 2147483647;
			files = (
			);
			runOnlyForDeploymentPostprocessing = 0;
		};
		EF2842D4287B3F16009D3944 /* Resources */ = {
			isa = PBXResourcesBuildPhase;
			buildActionMask = 2147483647;
			files = (
			);
			runOnlyForDeploymentPostprocessing = 0;
		};
/* End PBXResourcesBuildPhase section */

/* Begin PBXSourcesBuildPhase section */
		EF2842B8287B3F0F009D3944 /* Sources */ = {
			isa = PBXSourcesBuildPhase;
			buildActionMask = 2147483647;
			files = (
				EF2842EB287B4290009D3944 /* QuoteModel.swift in Sources */,
				EF2842C2287B3F0F009D3944 /* ContentView.swift in Sources */,
				EF2842C0287B3F0F009D3944 /* QuotesAppApp.swift in Sources */,
				EF2842ED287B44D0009D3944 /* Extensions.swift in Sources */,
			);
			runOnlyForDeploymentPostprocessing = 0;
		};
		EF2842C8287B3F16009D3944 /* Sources */ = {
			isa = PBXSourcesBuildPhase;
			buildActionMask = 2147483647;
			files = (
				EF2842D1287B3F16009D3944 /* QuotesAppTests.swift in Sources */,
			);
			runOnlyForDeploymentPostprocessing = 0;
		};
		EF2842D2287B3F16009D3944 /* Sources */ = {
			isa = PBXSourcesBuildPhase;
			buildActionMask = 2147483647;
			files = (
				EF2842DB287B3F16009D3944 /* QuotesAppUITests.swift in Sources */,
				EF2842DD287B3F16009D3944 /* QuotesAppUITestsLaunchTests.swift in Sources */,
			);
			runOnlyForDeploymentPostprocessing = 0;
		};
/* End PBXSourcesBuildPhase section */

/* Begin PBXTargetDependency section */
		EF2842CE287B3F16009D3944 /* PBXTargetDependency */ = {
			isa = PBXTargetDependency;
			target = EF2842BB287B3F0F009D3944 /* QuotesApp */;
			targetProxy = EF2842CD287B3F16009D3944 /* PBXContainerItemProxy */;
		};
		EF2842D8287B3F16009D3944 /* PBXTargetDependency */ = {
			isa = PBXTargetDependency;
			target = EF2842BB287B3F0F009D3944 /* QuotesApp */;
			targetProxy = EF2842D7287B3F16009D3944 /* PBXContainerItemProxy */;
		};
/* End PBXTargetDependency section */

/* Begin XCBuildConfiguration section */
		EF2842DE287B3F16009D3944 /* Debug */ = {
			isa = XCBuildConfiguration;
			buildSettings = {
				ALWAYS_SEARCH_USER_PATHS = NO;
				CLANG_ANALYZER_NONNULL = YES;
				CLANG_ANALYZER_NUMBER_OBJECT_CONVERSION = YES_AGGRESSIVE;
				CLANG_CXX_LANGUAGE_STANDARD = "gnu++17";
				CLANG_ENABLE_MODULES = YES;
				CLANG_ENABLE_OBJC_ARC = YES;
				CLANG_ENABLE_OBJC_WEAK = YES;
				CLANG_WARN_BLOCK_CAPTURE_AUTORELEASING = YES;
				CLANG_WARN_BOOL_CONVERSION = YES;
				CLANG_WARN_COMMA = YES;
				CLANG_WARN_CONSTANT_CONVERSION = YES;
				CLANG_WARN_DEPRECATED_OBJC_IMPLEMENTATIONS = YES;
				CLANG_WARN_DIRECT_OBJC_ISA_USAGE = YES_ERROR;
				CLANG_WARN_DOCUMENTATION_COMMENTS = YES;
				CLANG_WARN_EMPTY_BODY = YES;
				CLANG_WARN_ENUM_CONVERSION = YES;
				CLANG_WARN_INFINITE_RECURSION = YES;
				CLANG_WARN_INT_CONVERSION = YES;
				CLANG_WARN_NON_LITERAL_NULL_CONVERSION = YES;
				CLANG_WARN_OBJC_IMPLICIT_RETAIN_SELF = YES;
				CLANG_WARN_OBJC_LITERAL_CONVERSION = YES;
				CLANG_WARN_OBJC_ROOT_CLASS = YES_ERROR;
				CLANG_WARN_QUOTED_INCLUDE_IN_FRAMEWORK_HEADER = YES;
				CLANG_WARN_RANGE_LOOP_ANALYSIS = YES;
				CLANG_WARN_STRICT_PROTOTYPES = YES;
				CLANG_WARN_SUSPICIOUS_MOVE = YES;
				CLANG_WARN_UNGUARDED_AVAILABILITY = YES_AGGRESSIVE;
				CLANG_WARN_UNREACHABLE_CODE = YES;
				CLANG_WARN__DUPLICATE_METHOD_MATCH = YES;
				COPY_PHASE_STRIP = NO;
				DEBUG_INFORMATION_FORMAT = dwarf;
				ENABLE_STRICT_OBJC_MSGSEND = YES;
				ENABLE_TESTABILITY = YES;
				GCC_C_LANGUAGE_STANDARD = gnu11;
				GCC_DYNAMIC_NO_PIC = NO;
				GCC_NO_COMMON_BLOCKS = YES;
				GCC_OPTIMIZATION_LEVEL = 0;
				GCC_PREPROCESSOR_DEFINITIONS = (
					"DEBUG=1",
					"$(inherited)",
				);
				GCC_WARN_64_TO_32_BIT_CONVERSION = YES;
				GCC_WARN_ABOUT_RETURN_TYPE = YES_ERROR;
				GCC_WARN_UNDECLARED_SELECTOR = YES;
				GCC_WARN_UNINITIALIZED_AUTOS = YES_AGGRESSIVE;
				GCC_WARN_UNUSED_FUNCTION = YES;
				GCC_WARN_UNUSED_VARIABLE = YES;
				IPHONEOS_DEPLOYMENT_TARGET = 15.5;
				MTL_ENABLE_DEBUG_INFO = INCLUDE_SOURCE;
				MTL_FAST_MATH = YES;
				ONLY_ACTIVE_ARCH = YES;
				SDKROOT = iphoneos;
				SWIFT_ACTIVE_COMPILATION_CONDITIONS = DEBUG;
				SWIFT_OPTIMIZATION_LEVEL = "-Onone";
			};
			name = Debug;
		};
		EF2842DF287B3F16009D3944 /* Release */ = {
			isa = XCBuildConfiguration;
			buildSettings = {
				ALWAYS_SEARCH_USER_PATHS = NO;
				CLANG_ANALYZER_NONNULL = YES;
				CLANG_ANALYZER_NUMBER_OBJECT_CONVERSION = YES_AGGRESSIVE;
				CLANG_CXX_LANGUAGE_STANDARD = "gnu++17";
				CLANG_ENABLE_MODULES = YES;
				CLANG_ENABLE_OBJC_ARC = YES;
				CLANG_ENABLE_OBJC_WEAK = YES;
				CLANG_WARN_BLOCK_CAPTURE_AUTORELEASING = YES;
				CLANG_WARN_BOOL_CONVERSION = YES;
				CLANG_WARN_COMMA = YES;
				CLANG_WARN_CONSTANT_CONVERSION = YES;
				CLANG_WARN_DEPRECATED_OBJC_IMPLEMENTATIONS = YES;
				CLANG_WARN_DIRECT_OBJC_ISA_USAGE = YES_ERROR;
				CLANG_WARN_DOCUMENTATION_COMMENTS = YES;
				CLANG_WARN_EMPTY_BODY = YES;
				CLANG_WARN_ENUM_CONVERSION = YES;
				CLANG_WARN_INFINITE_RECURSION = YES;
				CLANG_WARN_INT_CONVERSION = YES;
				CLANG_WARN_NON_LITERAL_NULL_CONVERSION = YES;
				CLANG_WARN_OBJC_IMPLICIT_RETAIN_SELF = YES;
				CLANG_WARN_OBJC_LITERAL_CONVERSION = YES;
				CLANG_WARN_OBJC_ROOT_CLASS = YES_ERROR;
				CLANG_WARN_QUOTED_INCLUDE_IN_FRAMEWORK_HEADER = YES;
				CLANG_WARN_RANGE_LOOP_ANALYSIS = YES;
				CLANG_WARN_STRICT_PROTOTYPES = YES;
				CLANG_WARN_SUSPICIOUS_MOVE = YES;
				CLANG_WARN_UNGUARDED_AVAILABILITY = YES_AGGRESSIVE;
				CLANG_WARN_UNREACHABLE_CODE = YES;
				CLANG_WARN__DUPLICATE_METHOD_MATCH = YES;
				COPY_PHASE_STRIP = NO;
				DEBUG_INFORMATION_FORMAT = "dwarf-with-dsym";
				ENABLE_NS_ASSERTIONS = NO;
				ENABLE_STRICT_OBJC_MSGSEND = YES;
				GCC_C_LANGUAGE_STANDARD = gnu11;
				GCC_NO_COMMON_BLOCKS = YES;
				GCC_WARN_64_TO_32_BIT_CONVERSION = YES;
				GCC_WARN_ABOUT_RETURN_TYPE = YES_ERROR;
				GCC_WARN_UNDECLARED_SELECTOR = YES;
				GCC_WARN_UNINITIALIZED_AUTOS = YES_AGGRESSIVE;
				GCC_WARN_UNUSED_FUNCTION = YES;
				GCC_WARN_UNUSED_VARIABLE = YES;
				IPHONEOS_DEPLOYMENT_TARGET = 15.5;
				MTL_ENABLE_DEBUG_INFO = NO;
				MTL_FAST_MATH = YES;
				SDKROOT = iphoneos;
				SWIFT_COMPILATION_MODE = wholemodule;
				SWIFT_OPTIMIZATION_LEVEL = "-O";
				VALIDATE_PRODUCT = YES;
			};
			name = Release;
		};
		EF2842E1287B3F16009D3944 /* Debug */ = {
			isa = XCBuildConfiguration;
			buildSettings = {
				ASSETCATALOG_COMPILER_APPICON_NAME = AppIcon;
				ASSETCATALOG_COMPILER_GLOBAL_ACCENT_COLOR_NAME = AccentColor;
				CODE_SIGN_STYLE = Automatic;
				CURRENT_PROJECT_VERSION = 1;
				DEVELOPMENT_ASSET_PATHS = "\"QuotesApp/Preview Content\"";
				ENABLE_PREVIEWS = YES;
				GENERATE_INFOPLIST_FILE = YES;
				INFOPLIST_KEY_UIApplicationSceneManifest_Generation = YES;
				INFOPLIST_KEY_UIApplicationSupportsIndirectInputEvents = YES;
				INFOPLIST_KEY_UILaunchScreen_Generation = YES;
				INFOPLIST_KEY_UISupportedInterfaceOrientations_iPad = "UIInterfaceOrientationPortrait UIInterfaceOrientationPortraitUpsideDown UIInterfaceOrientationLandscapeLeft UIInterfaceOrientationLandscapeRight";
				INFOPLIST_KEY_UISupportedInterfaceOrientations_iPhone = "UIInterfaceOrientationPortrait UIInterfaceOrientationLandscapeLeft UIInterfaceOrientationLandscapeRight";
				LD_RUNPATH_SEARCH_PATHS = (
					"$(inherited)",
					"@executable_path/Frameworks",
				);
				MARKETING_VERSION = 1.0;
				PRODUCT_BUNDLE_IDENTIFIER = com.masaka.QuotesApp;
				PRODUCT_NAME = "$(TARGET_NAME)";
				SWIFT_EMIT_LOC_STRINGS = YES;
				SWIFT_VERSION = 5.0;
				TARGETED_DEVICE_FAMILY = "1,2";
			};
			name = Debug;
		};
		EF2842E2287B3F16009D3944 /* Release */ = {
			isa = XCBuildConfiguration;
			buildSettings = {
				ASSETCATALOG_COMPILER_APPICON_NAME = AppIcon;
				ASSETCATALOG_COMPILER_GLOBAL_ACCENT_COLOR_NAME = AccentColor;
				CODE_SIGN_STYLE = Automatic;
				CURRENT_PROJECT_VERSION = 1;
				DEVELOPMENT_ASSET_PATHS = "\"QuotesApp/Preview Content\"";
				ENABLE_PREVIEWS = YES;
				GENERATE_INFOPLIST_FILE = YES;
				INFOPLIST_KEY_UIApplicationSceneManifest_Generation = YES;
				INFOPLIST_KEY_UIApplicationSupportsIndirectInputEvents = YES;
				INFOPLIST_KEY_UILaunchScreen_Generation = YES;
				INFOPLIST_KEY_UISupportedInterfaceOrientations_iPad = "UIInterfaceOrientationPortrait UIInterfaceOrientationPortraitUpsideDown UIInterfaceOrientationLandscapeLeft UIInterfaceOrientationLandscapeRight";
				INFOPLIST_KEY_UISupportedInterfaceOrientations_iPhone = "UIInterfaceOrientationPortrait UIInterfaceOrientationLandscapeLeft UIInterfaceOrientationLandscapeRight";
				LD_RUNPATH_SEARCH_PATHS = (
					"$(inherited)",
					"@executable_path/Frameworks",
				);
				MARKETING_VERSION = 1.0;
				PRODUCT_BUNDLE_IDENTIFIER = com.masaka.QuotesApp;
				PRODUCT_NAME = "$(TARGET_NAME)";
				SWIFT_EMIT_LOC_STRINGS = YES;
				SWIFT_VERSION = 5.0;
				TARGETED_DEVICE_FAMILY = "1,2";
			};
			name = Release;
		};
		EF2842E4287B3F16009D3944 /* Debug */ = {
			isa = XCBuildConfiguration;
			buildSettings = {
				ALWAYS_EMBED_SWIFT_STANDARD_LIBRARIES = YES;
				BUNDLE_LOADER = "$(TEST_HOST)";
				CODE_SIGN_STYLE = Automatic;
				CURRENT_PROJECT_VERSION = 1;
				GENERATE_INFOPLIST_FILE = YES;
				IPHONEOS_DEPLOYMENT_TARGET = 15.5;
				MARKETING_VERSION = 1.0;
				PRODUCT_BUNDLE_IDENTIFIER = com.masaka.QuotesAppTests;
				PRODUCT_NAME = "$(TARGET_NAME)";
				SWIFT_EMIT_LOC_STRINGS = NO;
				SWIFT_VERSION = 5.0;
				TARGETED_DEVICE_FAMILY = "1,2";
				TEST_HOST = "$(BUILT_PRODUCTS_DIR)/QuotesApp.app/QuotesApp";
			};
			name = Debug;
		};
		EF2842E5287B3F16009D3944 /* Release */ = {
			isa = XCBuildConfiguration;
			buildSettings = {
				ALWAYS_EMBED_SWIFT_STANDARD_LIBRARIES = YES;
				BUNDLE_LOADER = "$(TEST_HOST)";
				CODE_SIGN_STYLE = Automatic;
				CURRENT_PROJECT_VERSION = 1;
				GENERATE_INFOPLIST_FILE = YES;
				IPHONEOS_DEPLOYMENT_TARGET = 15.5;
				MARKETING_VERSION = 1.0;
				PRODUCT_BUNDLE_IDENTIFIER = com.masaka.QuotesAppTests;
				PRODUCT_NAME = "$(TARGET_NAME)";
				SWIFT_EMIT_LOC_STRINGS = NO;
				SWIFT_VERSION = 5.0;
				TARGETED_DEVICE_FAMILY = "1,2";
				TEST_HOST = "$(BUILT_PRODUCTS_DIR)/QuotesApp.app/QuotesApp";
			};
			name = Release;
		};
		EF2842E7287B3F16009D3944 /* Debug */ = {
			isa = XCBuildConfiguration;
			buildSettings = {
				ALWAYS_EMBED_SWIFT_STANDARD_LIBRARIES = YES;
				CODE_SIGN_STYLE = Automatic;
				CURRENT_PROJECT_VERSION = 1;
				GENERATE_INFOPLIST_FILE = YES;
				MARKETING_VERSION = 1.0;
				PRODUCT_BUNDLE_IDENTIFIER = com.masaka.QuotesAppUITests;
				PRODUCT_NAME = "$(TARGET_NAME)";
				SWIFT_EMIT_LOC_STRINGS = NO;
				SWIFT_VERSION = 5.0;
				TARGETED_DEVICE_FAMILY = "1,2";
				TEST_TARGET_NAME = QuotesApp;
			};
			name = Debug;
		};
		EF2842E8287B3F16009D3944 /* Release */ = {
			isa = XCBuildConfiguration;
			buildSettings = {
				ALWAYS_EMBED_SWIFT_STANDARD_LIBRARIES = YES;
				CODE_SIGN_STYLE = Automatic;
				CURRENT_PROJECT_VERSION = 1;
				GENERATE_INFOPLIST_FILE = YES;
				MARKETING_VERSION = 1.0;
				PRODUCT_BUNDLE_IDENTIFIER = com.masaka.QuotesAppUITests;
				PRODUCT_NAME = "$(TARGET_NAME)";
				SWIFT_EMIT_LOC_STRINGS = NO;
				SWIFT_VERSION = 5.0;
				TARGETED_DEVICE_FAMILY = "1,2";
				TEST_TARGET_NAME = QuotesApp;
			};
			name = Release;
		};
/* End XCBuildConfiguration section */

/* Begin XCConfigurationList section */
		EF2842B7287B3F0F009D3944 /* Build configuration list for PBXProject "QuotesApp" */ = {
			isa = XCConfigurationList;
			buildConfigurations = (
				EF2842DE287B3F16009D3944 /* Debug */,
				EF2842DF287B3F16009D3944 /* Release */,
			);
			defaultConfigurationIsVisible = 0;
			defaultConfigurationName = Release;
		};
		EF2842E0287B3F16009D3944 /* Build configuration list for PBXNativeTarget "QuotesApp" */ = {
			isa = XCConfigurationList;
			buildConfigurations = (
				EF2842E1287B3F16009D3944 /* Debug */,
				EF2842E2287B3F16009D3944 /* Release */,
			);
			defaultConfigurationIsVisible = 0;
			defaultConfigurationName = Release;
		};
		EF2842E3287B3F16009D3944 /* Build configuration list for PBXNativeTarget "QuotesAppTests" */ = {
			isa = XCConfigurationList;
			buildConfigurations = (
				EF2842E4287B3F16009D3944 /* Debug */,
				EF2842E5287B3F16009D3944 /* Release */,
			);
			defaultConfigurationIsVisible = 0;
			defaultConfigurationName = Release;
		};
		EF2842E6287B3F16009D3944 /* Build configuration list for PBXNativeTarget "QuotesAppUITests" */ = {
			isa = XCConfigurationList;
			buildConfigurations = (
				EF2842E7287B3F16009D3944 /* Debug */,
				EF2842E8287B3F16009D3944 /* Release */,
			);
			defaultConfigurationIsVisible = 0;
			defaultConfigurationName = Release;
		};
/* End XCConfigurationList section */
	};
	rootObject = EF2842B4287B3F0F009D3944 /* Project object */;
}
